# This is a Gradle generated file for dependency locking.
# Manual edits can break the build and are not advised.
# This file is expected to be part of source control.
ca.weblite:java-objc-bridge:1.1=compileClasspath,gameTestModCompileClasspath,neoFormRuntimeDependenciesCompileClasspath
com.electronwill.night-config:core:3.6.4=additionalRuntimeClasspath,compileClasspath,gameTestModCompileClasspath,gameTestModRuntimeClasspath,gameTestServerLegacyClasspath,neoFormRuntimeDependenciesCompileClasspath,neoFormRuntimeDependenciesRuntimeClasspath,remappingDependencies,runtimeClasspath,serverLegacyClasspath
com.electronwill.night-config:toml:3.6.4=additionalRuntimeClasspath,compileClasspath,gameTestModCompileClasspath,gameTestModRuntimeClasspath,gameTestServerLegacyClasspath,neoFormRuntimeDependenciesCompileClasspath,neoFormRuntimeDependenciesRuntimeClasspath,remappingDependencies,runtimeClasspath,serverLegacyClasspath
com.fasterxml.jackson.core:jackson-annotations:2.18.3=additionalRuntimeClasspath,compileClasspath,gameTestModCompileClasspath,gameTestModRuntimeClasspath,gameTestServerLegacyClasspath,jarJar,runtimeClasspath,serverLegacyClasspath,testCompileClasspath,testRuntimeClasspath
com.fasterxml.jackson.core:jackson-core:2.18.3=additionalRuntimeClasspath,compileClasspath,gameTestModCompileClasspath,gameTestModRuntimeClasspath,gameTestServerLegacyClasspath,jarJar,runtimeClasspath,serverLegacyClasspath,testCompileClasspath,testRuntimeClasspath
com.fasterxml.jackson.core:jackson-databind:2.18.3=additionalRuntimeClasspath,compileClasspath,gameTestModCompileClasspath,gameTestModRuntimeClasspath,gameTestServerLegacyClasspath,jarJar,runtimeClasspath,serverLegacyClasspath,testCompileClasspath,testRuntimeClasspath
com.fasterxml.jackson.datatype:jackson-datatype-jsr310:2.18.3=compileClasspath,runtimeClasspath,testCompileClasspath,testRuntimeClasspath
com.fasterxml.jackson:jackson-bom:2.18.3=additionalRuntimeClasspath,compileClasspath,gameTestModCompileClasspath,gameTestModRuntimeClasspath,gameTestServerLegacyClasspath,runtimeClasspath,serverLegacyClasspath,testCompileClasspath,testRuntimeClasspath
com.github.oshi:oshi-core:6.2.2=additionalRuntimeClasspath,compileClasspath,gameTestModCompileClasspath,gameTestModRuntimeClasspath,gameTestServerLegacyClasspath,neoFormRuntimeDependenciesCompileClasspath,neoFormRuntimeDependenciesNeoForgeClasses,neoFormRuntimeDependenciesRuntimeClasspath,remappingDependencies,runtimeClasspath,serverLegacyClasspath
com.google.code.findbugs:jsr305:3.0.2=additionalRuntimeClasspath,compileClasspath,gameTestModCompileClasspath,gameTestModRuntimeClasspath,gameTestServerLegacyClasspath,neoFormRuntimeDependenciesCompileClasspath,neoFormRuntimeDependenciesRuntimeClasspath,remappingDependencies,runtimeClasspath,serverLegacyClasspath
com.google.code.gson:gson:2.10=additionalRuntimeClasspath,compileClasspath,gameTestModCompileClasspath,gameTestModRuntimeClasspath,gameTestServerLegacyClasspath,neoFormRuntimeDependenciesCompileClasspath,neoFormRuntimeDependenciesNeoForgeClasses,neoFormRuntimeDependenciesRuntimeClasspath,remappingDependencies,runtimeClasspath,serverLegacyClasspath
com.google.errorprone:error_prone_annotations:2.11.0=additionalRuntimeClasspath,compileClasspath,gameTestModCompileClasspath,gameTestModRuntimeClasspath,gameTestServerLegacyClasspath,neoFormRuntimeDependenciesCompileClasspath,neoFormRuntimeDependenciesRuntimeClasspath,remappingDependencies,runtimeClasspath,serverLegacyClasspath
com.google.guava:failureaccess:1.0.1=additionalRuntimeClasspath,compileClasspath,gameTestModCompileClasspath,gameTestModRuntimeClasspath,gameTestServerLegacyClasspath,neoFormRuntimeDependenciesCompileClasspath,neoFormRuntimeDependenciesNeoForgeClasses,neoFormRuntimeDependenciesRuntimeClasspath,remappingDependencies,runtimeClasspath,serverLegacyClasspath
com.google.guava:guava:31.1-jre=additionalRuntimeClasspath,compileClasspath,gameTestModCompileClasspath,gameTestModRuntimeClasspath,gameTestServerLegacyClasspath,neoFormRuntimeDependenciesCompileClasspath,neoFormRuntimeDependenciesNeoForgeClasses,neoFormRuntimeDependenciesRuntimeClasspath,remappingDependencies,runtimeClasspath,serverLegacyClasspath
com.google.guava:listenablefuture:9999.0-empty-to-avoid-conflict-with-guava=additionalRuntimeClasspath,compileClasspath,gameTestModCompileClasspath,gameTestModRuntimeClasspath,gameTestServerLegacyClasspath,neoFormRuntimeDependenciesCompileClasspath,neoFormRuntimeDependenciesRuntimeClasspath,remappingDependencies,runtimeClasspath,serverLegacyClasspath
com.google.j2objc:j2objc-annotations:1.3=additionalRuntimeClasspath,compileClasspath,gameTestModCompileClasspath,gameTestModRuntimeClasspath,gameTestServerLegacyClasspath,neoFormRuntimeDependenciesCompileClasspath,neoFormRuntimeDependenciesRuntimeClasspath,remappingDependencies,runtimeClasspath,serverLegacyClasspath
com.ibm.icu:icu4j:61.1=additionalRuntimeClasspath,compileClasspath,gameTestModCompileClasspath,gameTestModRuntimeClasspath,gameTestServerLegacyClasspath,neoFormRuntimeDependenciesCompileClasspath,neoFormRuntimeDependenciesRuntimeClasspath,remappingDependencies,runtimeClasspath,serverLegacyClasspath
com.ibm.icu:icu4j:71.1=neoFormRuntimeDependenciesNeoForgeClasses
com.machinezoo.noexception:noexception:1.7.1=additionalRuntimeClasspath,compileClasspath,gameTestModCompileClasspath,gameTestModRuntimeClasspath,gameTestServerLegacyClasspath,neoFormRuntimeDependenciesCompileClasspath,neoFormRuntimeDependenciesRuntimeClasspath,remappingDependencies,runtimeClasspath,serverLegacyClasspath
com.mojang:authlib:4.0.43=additionalRuntimeClasspath,compileClasspath,gameTestModCompileClasspath,gameTestModRuntimeClasspath,gameTestServerLegacyClasspath,neoFormRuntimeDependenciesCompileClasspath,neoFormRuntimeDependenciesNeoForgeClasses,neoFormRuntimeDependenciesRuntimeClasspath,remappingDependencies,runtimeClasspath,serverLegacyClasspath
com.mojang:blocklist:1.0.10=additionalRuntimeClasspath,compileClasspath,gameTestModCompileClasspath,gameTestModRuntimeClasspath,neoFormRuntimeDependenciesCompileClasspath,neoFormRuntimeDependenciesNeoForgeClasses,neoFormRuntimeDependenciesRuntimeClasspath,remappingDependencies,runtimeClasspath
com.mojang:brigadier:1.1.8=additionalRuntimeClasspath,compileClasspath,gameTestModCompileClasspath,gameTestModRuntimeClasspath,gameTestServerLegacyClasspath,neoFormRuntimeDependenciesCompileClasspath,neoFormRuntimeDependenciesNeoForgeClasses,neoFormRuntimeDependenciesRuntimeClasspath,remappingDependencies,runtimeClasspath,serverLegacyClasspath
com.mojang:datafixerupper:6.0.8=additionalRuntimeClasspath,compileClasspath,gameTestModCompileClasspath,gameTestModRuntimeClasspath,gameTestServerLegacyClasspath,neoFormRuntimeDependenciesCompileClasspath,neoFormRuntimeDependenciesNeoForgeClasses,neoFormRuntimeDependenciesRuntimeClasspath,remappingDependencies,runtimeClasspath,serverLegacyClasspath
com.mojang:logging:1.1.1=additionalRuntimeClasspath,compileClasspath,gameTestModCompileClasspath,gameTestModRuntimeClasspath,gameTestServerLegacyClasspath,neoFormRuntimeDependenciesCompileClasspath,neoFormRuntimeDependenciesNeoForgeClasses,neoFormRuntimeDependenciesRuntimeClasspath,remappingDependencies,runtimeClasspath,serverLegacyClasspath
com.mojang:patchy:2.2.10=additionalRuntimeClasspath,compileClasspath,gameTestModCompileClasspath,gameTestModRuntimeClasspath,neoFormRuntimeDependenciesCompileClasspath,neoFormRuntimeDependenciesNeoForgeClasses,neoFormRuntimeDependenciesRuntimeClasspath,remappingDependencies,runtimeClasspath
com.mojang:text2speech:1.17.9=additionalRuntimeClasspath,compileClasspath,gameTestModCompileClasspath,gameTestModRuntimeClasspath,neoFormRuntimeDependenciesCompileClasspath,neoFormRuntimeDependenciesNeoForgeClasses,neoFormRuntimeDependenciesRuntimeClasspath,remappingDependencies,runtimeClasspath
commons-codec:commons-codec:1.15=additionalRuntimeClasspath,compileClasspath,gameTestModCompileClasspath,gameTestModRuntimeClasspath,neoFormRuntimeDependenciesCompileClasspath,neoFormRuntimeDependenciesNeoForgeClasses,neoFormRuntimeDependenciesRuntimeClasspath,remappingDependencies,runtimeClasspath
commons-io:commons-io:2.11.0=additionalRuntimeClasspath,compileClasspath,gameTestModCompileClasspath,gameTestModRuntimeClasspath,gameTestServerLegacyClasspath,neoFormRuntimeDependenciesCompileClasspath,neoFormRuntimeDependenciesNeoForgeClasses,neoFormRuntimeDependenciesRuntimeClasspath,remappingDependencies,runtimeClasspath,serverLegacyClasspath
commons-logging:commons-logging:1.2=additionalRuntimeClasspath,compileClasspath,gameTestModCompileClasspath,gameTestModRuntimeClasspath,neoFormRuntimeDependenciesCompileClasspath,neoFormRuntimeDependenciesNeoForgeClasses,neoFormRuntimeDependenciesRuntimeClasspath,remappingDependencies,runtimeClasspath
cpw.mods:bootstraplauncher:1.1.2=additionalRuntimeClasspath,compileClasspath,gameTestModCompileClasspath,gameTestModRuntimeClasspath,gameTestServerLegacyClasspath,gameTestServerModulesOnly,neoFormRuntimeDependenciesCompileClasspath,neoFormRuntimeDependenciesRuntimeClasspath,remappingDependencies,runtimeClasspath,serverLegacyClasspath,serverModulesOnly
cpw.mods:modlauncher:10.0.10=additionalRuntimeClasspath,gameTestModRuntimeClasspath,gameTestServerLegacyClasspath,neoFormRuntimeDependenciesRuntimeClasspath,remappingDependencies,runtimeClasspath,serverLegacyClasspath
cpw.mods:modlauncher:10.0.9=compileClasspath,gameTestModCompileClasspath,neoFormRuntimeDependenciesCompileClasspath
cpw.mods:securejarhandler:2.1.10=additionalRuntimeClasspath,compileClasspath,gameTestModCompileClasspath,gameTestModRuntimeClasspath,gameTestServerLegacyClasspath,gameTestServerModulesOnly,neoFormRuntimeDependenciesCompileClasspath,neoFormRuntimeDependenciesRuntimeClasspath,remappingDependencies,runtimeClasspath,serverLegacyClasspath,serverModulesOnly
de.oceanlabs.mcp:mcp_config:1.20.1=additionalRuntimeClasspath,compileClasspath,gameTestModCompileClasspath,gameTestModRuntimeClasspath,gameTestServerLegacyClasspath,neoFormRuntimeDependenciesCompileClasspath,neoFormRuntimeDependenciesNeoForgeClasses,neoFormRuntimeDependenciesRuntimeClasspath,remappingDependencies,runtimeClasspath,serverLegacyClasspath
io.codechicken:DiffPatch:2.0.0.36=neoFormRuntimeExternalTools
io.netty:netty-buffer:4.1.82.Final=additionalRuntimeClasspath,compileClasspath,gameTestModCompileClasspath,gameTestModRuntimeClasspath,gameTestServerLegacyClasspath,neoFormRuntimeDependenciesCompileClasspath,neoFormRuntimeDependenciesNeoForgeClasses,neoFormRuntimeDependenciesRuntimeClasspath,remappingDependencies,runtimeClasspath,serverLegacyClasspath
io.netty:netty-codec:4.1.82.Final=additionalRuntimeClasspath,compileClasspath,gameTestModCompileClasspath,gameTestModRuntimeClasspath,gameTestServerLegacyClasspath,neoFormRuntimeDependenciesCompileClasspath,neoFormRuntimeDependenciesNeoForgeClasses,neoFormRuntimeDependenciesRuntimeClasspath,remappingDependencies,runtimeClasspath,serverLegacyClasspath
io.netty:netty-common:4.1.82.Final=additionalRuntimeClasspath,compileClasspath,gameTestModCompileClasspath,gameTestModRuntimeClasspath,gameTestServerLegacyClasspath,neoFormRuntimeDependenciesCompileClasspath,neoFormRuntimeDependenciesNeoForgeClasses,neoFormRuntimeDependenciesRuntimeClasspath,remappingDependencies,runtimeClasspath,serverLegacyClasspath
io.netty:netty-handler:4.1.82.Final=additionalRuntimeClasspath,compileClasspath,gameTestModCompileClasspath,gameTestModRuntimeClasspath,gameTestServerLegacyClasspath,neoFormRuntimeDependenciesCompileClasspath,neoFormRuntimeDependenciesNeoForgeClasses,neoFormRuntimeDependenciesRuntimeClasspath,remappingDependencies,runtimeClasspath,serverLegacyClasspath
io.netty:netty-resolver:4.1.82.Final=additionalRuntimeClasspath,compileClasspath,gameTestModCompileClasspath,gameTestModRuntimeClasspath,gameTestServerLegacyClasspath,neoFormRuntimeDependenciesCompileClasspath,neoFormRuntimeDependenciesNeoForgeClasses,neoFormRuntimeDependenciesRuntimeClasspath,remappingDependencies,runtimeClasspath,serverLegacyClasspath
io.netty:netty-transport-classes-epoll:4.1.82.Final=additionalRuntimeClasspath,compileClasspath,gameTestModCompileClasspath,gameTestModRuntimeClasspath,gameTestServerLegacyClasspath,neoFormRuntimeDependenciesCompileClasspath,neoFormRuntimeDependenciesNeoForgeClasses,neoFormRuntimeDependenciesRuntimeClasspath,remappingDependencies,runtimeClasspath,serverLegacyClasspath
io.netty:netty-transport-native-epoll:4.1.82.Final=gameTestServerLegacyClasspath,serverLegacyClasspath
io.netty:netty-transport-native-unix-common:4.1.82.Final=additionalRuntimeClasspath,compileClasspath,gameTestModCompileClasspath,gameTestModRuntimeClasspath,gameTestServerLegacyClasspath,neoFormRuntimeDependenciesCompileClasspath,neoFormRuntimeDependenciesNeoForgeClasses,neoFormRuntimeDependenciesRuntimeClasspath,remappingDependencies,runtimeClasspath,serverLegacyClasspath
io.netty:netty-transport:4.1.82.Final=additionalRuntimeClasspath,compileClasspath,gameTestModCompileClasspath,gameTestModRuntimeClasspath,gameTestServerLegacyClasspath,neoFormRuntimeDependenciesCompileClasspath,neoFormRuntimeDependenciesNeoForgeClasses,neoFormRuntimeDependenciesRuntimeClasspath,remappingDependencies,runtimeClasspath,serverLegacyClasspath
it.unimi.dsi:fastutil:8.3.1=neoFormRuntimeExternalTools
it.unimi.dsi:fastutil:8.5.9=additionalRuntimeClasspath,compileClasspath,gameTestModCompileClasspath,gameTestModRuntimeClasspath,gameTestServerLegacyClasspath,neoFormRuntimeDependenciesCompileClasspath,neoFormRuntimeDependenciesNeoForgeClasses,neoFormRuntimeDependenciesRuntimeClasspath,remappingDependencies,runtimeClasspath,serverLegacyClasspath
net.covers1624:Quack:0.4.10.101=neoFormRuntimeExternalTools
net.java.dev.jna:jna-platform:5.12.1=additionalRuntimeClasspath,compileClasspath,gameTestModCompileClasspath,gameTestModRuntimeClasspath,gameTestServerLegacyClasspath,neoFormRuntimeDependenciesCompileClasspath,neoFormRuntimeDependenciesNeoForgeClasses,neoFormRuntimeDependenciesRuntimeClasspath,remappingDependencies,runtimeClasspath,serverLegacyClasspath
net.java.dev.jna:jna:5.12.1=additionalRuntimeClasspath,compileClasspath,gameTestModCompileClasspath,gameTestModRuntimeClasspath,gameTestServerLegacyClasspath,neoFormRuntimeDependenciesCompileClasspath,neoFormRuntimeDependenciesNeoForgeClasses,neoFormRuntimeDependenciesRuntimeClasspath,remappingDependencies,runtimeClasspath,serverLegacyClasspath
net.jodah:typetools:0.6.3=additionalRuntimeClasspath,compileClasspath,gameTestModCompileClasspath,gameTestModRuntimeClasspath,gameTestServerLegacyClasspath,neoFormRuntimeDependenciesCompileClasspath,neoFormRuntimeDependenciesRuntimeClasspath,remappingDependencies,runtimeClasspath,serverLegacyClasspath
net.minecraftforge:JarJarFileSystems:0.3.19=additionalRuntimeClasspath,compileClasspath,gameTestModCompileClasspath,gameTestModRuntimeClasspath,gameTestServerLegacyClasspath,gameTestServerModulesOnly,neoFormRuntimeDependenciesCompileClasspath,neoFormRuntimeDependenciesRuntimeClasspath,remappingDependencies,runtimeClasspath,serverLegacyClasspath,serverModulesOnly
net.minecraftforge:JarJarMetadata:0.3.19=additionalRuntimeClasspath,compileClasspath,gameTestModCompileClasspath,gameTestModRuntimeClasspath,gameTestServerLegacyClasspath,neoFormRuntimeDependenciesCompileClasspath,neoFormRuntimeDependenciesRuntimeClasspath,remappingDependencies,runtimeClasspath,serverLegacyClasspath
net.minecraftforge:JarJarSelector:0.3.19=additionalRuntimeClasspath,compileClasspath,gameTestModCompileClasspath,gameTestModRuntimeClasspath,gameTestServerLegacyClasspath,neoFormRuntimeDependenciesCompileClasspath,neoFormRuntimeDependenciesRuntimeClasspath,remappingDependencies,runtimeClasspath,serverLegacyClasspath
net.minecraftforge:accesstransformers:8.0.4=additionalRuntimeClasspath,compileClasspath,gameTestModCompileClasspath,gameTestModRuntimeClasspath,gameTestServerLegacyClasspath,neoFormRuntimeDependenciesCompileClasspath,neoFormRuntimeDependenciesRuntimeClasspath,remappingDependencies,runtimeClasspath,serverLegacyClasspath
net.minecraftforge:coremods:5.2.4=additionalRuntimeClasspath,compileClasspath,gameTestModCompileClasspath,gameTestModRuntimeClasspath,gameTestServerLegacyClasspath,neoFormRuntimeDependenciesCompileClasspath,neoFormRuntimeDependenciesRuntimeClasspath,remappingDependencies,runtimeClasspath,serverLegacyClasspath
net.minecraftforge:eventbus:6.0.5=additionalRuntimeClasspath,compileClasspath,gameTestModCompileClasspath,gameTestModRuntimeClasspath,gameTestServerLegacyClasspath,neoFormRuntimeDependenciesCompileClasspath,neoFormRuntimeDependenciesRuntimeClasspath,remappingDependencies,runtimeClasspath,serverLegacyClasspath
net.minecraftforge:fmlcore:1.20.1-47.4.10=additionalRuntimeClasspath,compileClasspath,gameTestModCompileClasspath,gameTestModRuntimeClasspath,gameTestServerLegacyClasspath,neoFormRuntimeDependenciesCompileClasspath,neoFormRuntimeDependenciesRuntimeClasspath,remappingDependencies,runtimeClasspath,serverLegacyClasspath
net.minecraftforge:fmlearlydisplay:1.20.1-47.4.10=additionalRuntimeClasspath,compileClasspath,gameTestModCompileClasspath,gameTestModRuntimeClasspath,gameTestServerLegacyClasspath,neoFormRuntimeDependenciesCompileClasspath,neoFormRuntimeDependenciesRuntimeClasspath,remappingDependencies,runtimeClasspath,serverLegacyClasspath
net.minecraftforge:fmlloader:1.20.1-47.4.10=additionalRuntimeClasspath,compileClasspath,gameTestModCompileClasspath,gameTestModRuntimeClasspath,gameTestServerLegacyClasspath,neoFormRuntimeDependenciesCompileClasspath,neoFormRuntimeDependenciesRuntimeClasspath,remappingDependencies,runtimeClasspath,serverLegacyClasspath
net.minecraftforge:forge:1.20.1-47.4.10=additionalRuntimeClasspath,compileClasspath,gameTestModCompileClasspath,gameTestModRuntimeClasspath,gameTestServerLegacyClasspath,gameTestServerModulesOnly,neoForgeConfigOnly,neoFormRuntimeDependenciesCompileClasspath,neoFormRuntimeDependenciesNeoForgeClasses,neoFormRuntimeDependenciesNeoForgeSources,neoFormRuntimeDependenciesRuntimeClasspath,remappingDependencies,runtimeClasspath,serverLegacyClasspath,serverModulesOnly
net.minecraftforge:forgespi:7.0.1=additionalRuntimeClasspath,compileClasspath,gameTestModCompileClasspath,gameTestModRuntimeClasspath,gameTestServerLegacyClasspath,neoFormRuntimeDependenciesCompileClasspath,neoFormRuntimeDependenciesRuntimeClasspath,remappingDependencies,runtimeClasspath,serverLegacyClasspath
net.minecraftforge:javafmllanguage:1.20.1-47.4.10=additionalRuntimeClasspath,compileClasspath,gameTestModCompileClasspath,gameTestModRuntimeClasspath,gameTestServerLegacyClasspath,neoFormRuntimeDependenciesCompileClasspath,neoFormRuntimeDependenciesRuntimeClasspath,remappingDependencies,runtimeClasspath,serverLegacyClasspath
net.minecraftforge:lowcodelanguage:1.20.1-47.4.10=additionalRuntimeClasspath,compileClasspath,gameTestModCompileClasspath,gameTestModRuntimeClasspath,gameTestServerLegacyClasspath,neoFormRuntimeDependenciesCompileClasspath,neoFormRuntimeDependenciesRuntimeClasspath,remappingDependencies,runtimeClasspath,serverLegacyClasspath
net.minecraftforge:mclanguage:1.20.1-47.4.10=additionalRuntimeClasspath,compileClasspath,gameTestModCompileClasspath,gameTestModRuntimeClasspath,gameTestServerLegacyClasspath,neoFormRuntimeDependenciesCompileClasspath,neoFormRuntimeDependenciesRuntimeClasspath,remappingDependencies,runtimeClasspath,serverLegacyClasspath
net.minecraftforge:mergetool:1.1.5=additionalRuntimeClasspath,compileClasspath,gameTestModCompileClasspath,gameTestModRuntimeClasspath,gameTestServerLegacyClasspath,neoFormRuntimeDependenciesCompileClasspath,neoFormRuntimeDependenciesRuntimeClasspath,remappingDependencies,runtimeClasspath,serverLegacyClasspath
net.minecraftforge:mergetool:1.1.7=neoFormRuntimeExternalTools
net.minecraftforge:srgutils:0.4.11=additionalRuntimeClasspath,gameTestModRuntimeClasspath,gameTestServerLegacyClasspath,neoFormRuntimeDependenciesRuntimeClasspath,remappingDependencies,runtimeClasspath,serverLegacyClasspath
net.minecraftforge:srgutils:0.4.15=neoFormRuntimeExternalTools
net.minecraftforge:unsafe:0.2.0=additionalRuntimeClasspath,compileClasspath,gameTestModCompileClasspath,gameTestModRuntimeClasspath,gameTestServerLegacyClasspath,neoFormRuntimeDependenciesCompileClasspath,neoFormRuntimeDependenciesRuntimeClasspath,remappingDependencies,runtimeClasspath,serverLegacyClasspath
net.minecrell:terminalconsoleappender:1.2.0=additionalRuntimeClasspath,compileClasspath,gameTestModCompileClasspath,gameTestModRuntimeClasspath,gameTestServerLegacyClasspath,neoFormRuntimeDependenciesCompileClasspath,neoFormRuntimeDependenciesRuntimeClasspath,remappingDependencies,runtimeClasspath,serverLegacyClasspath
net.neoforged.installertools:installertools:3.0.4=installerToolsRuntime
net.neoforged.jst:jst-cli-bundle:1.0.72=neoFormRuntimeExternalTools
net.neoforged:AutoRenamingTool:2.0.4=autoRenamingToolRuntime
net.neoforged:DevLaunch:1.0.1=devLaunchConfig,runtimeClasspath
net.neoforged:minecraft-dependencies:1.20.1=additionalRuntimeClasspath,compileClasspath,gameTestModCompileClasspath,gameTestModRuntimeClasspath,gameTestServerLegacyClasspath,neoFormRuntimeDependenciesCompileClasspath,neoFormRuntimeDependenciesNeoForgeClasses,neoFormRuntimeDependenciesRuntimeClasspath,remappingDependencies,runtimeClasspath,serverLegacyClasspath
net.neoforged:neoform-runtime:1.0.24=neoFormRuntimeExternalTools,neoFormRuntimeTool
net.sf.jopt-simple:jopt-simple:5.0.4=additionalRuntimeClasspath,compileClasspath,gameTestModCompileClasspath,gameTestModRuntimeClasspath,gameTestServerLegacyClasspath,neoFormRuntimeDependenciesCompileClasspath,neoFormRuntimeDependenciesNeoForgeClasses,neoFormRuntimeDependenciesRuntimeClasspath,neoFormRuntimeExternalTools,remappingDependencies,runtimeClasspath,serverLegacyClasspath
org.abego.treelayout:org.abego.treelayout.core:1.0.3=additionalRuntimeClasspath,compileClasspath,gameTestModCompileClasspath,gameTestModRuntimeClasspath,gameTestServerLegacyClasspath,neoFormRuntimeDependenciesCompileClasspath,neoFormRuntimeDependenciesRuntimeClasspath,remappingDependencies,runtimeClasspath,serverLegacyClasspath
org.antlr:ST4:4.3=additionalRuntimeClasspath,compileClasspath,gameTestModCompileClasspath,gameTestModRuntimeClasspath,gameTestServerLegacyClasspath,neoFormRuntimeDependenciesCompileClasspath,neoFormRuntimeDependenciesRuntimeClasspath,remappingDependencies,runtimeClasspath,serverLegacyClasspath
org.antlr:antlr-runtime:3.5.2=additionalRuntimeClasspath,compileClasspath,gameTestModCompileClasspath,gameTestModRuntimeClasspath,gameTestServerLegacyClasspath,neoFormRuntimeDependenciesCompileClasspath,neoFormRuntimeDependenciesRuntimeClasspath,remappingDependencies,runtimeClasspath,serverLegacyClasspath
org.antlr:antlr4-runtime:4.9.1=additionalRuntimeClasspath,compileClasspath,gameTestModCompileClasspath,gameTestModRuntimeClasspath,gameTestServerLegacyClasspath,neoFormRuntimeDependenciesCompileClasspath,neoFormRuntimeDependenciesRuntimeClasspath,remappingDependencies,runtimeClasspath,serverLegacyClasspath
org.antlr:antlr4:4.9.1=additionalRuntimeClasspath,compileClasspath,gameTestModCompileClasspath,gameTestModRuntimeClasspath,gameTestServerLegacyClasspath,neoFormRuntimeDependenciesCompileClasspath,neoFormRuntimeDependenciesRuntimeClasspath,remappingDependencies,runtimeClasspath,serverLegacyClasspath
org.apache.commons:commons-compress:1.18=neoFormRuntimeExternalTools
org.apache.commons:commons-compress:1.21=additionalRuntimeClasspath,compileClasspath,gameTestModCompileClasspath,gameTestModRuntimeClasspath,neoFormRuntimeDependenciesCompileClasspath,neoFormRuntimeDependenciesNeoForgeClasses,neoFormRuntimeDependenciesRuntimeClasspath,remappingDependencies,runtimeClasspath
org.apache.commons:commons-lang3:3.12.0=additionalRuntimeClasspath,compileClasspath,gameTestModCompileClasspath,gameTestModRuntimeClasspath,gameTestServerLegacyClasspath,neoFormRuntimeDependenciesCompileClasspath,neoFormRuntimeDependenciesNeoForgeClasses,neoFormRuntimeDependenciesRuntimeClasspath,remappingDependencies,runtimeClasspath,serverLegacyClasspath
org.apache.commons:commons-lang3:3.9=neoFormRuntimeExternalTools
org.apache.httpcomponents:httpclient:4.5.13=additionalRuntimeClasspath,compileClasspath,gameTestModCompileClasspath,gameTestModRuntimeClasspath,neoFormRuntimeDependenciesCompileClasspath,neoFormRuntimeDependenciesNeoForgeClasses,neoFormRuntimeDependenciesRuntimeClasspath,remappingDependencies,runtimeClasspath
org.apache.httpcomponents:httpcore:4.4.15=additionalRuntimeClasspath,compileClasspath,gameTestModCompileClasspath,gameTestModRuntimeClasspath,neoFormRuntimeDependenciesCompileClasspath,neoFormRuntimeDependenciesNeoForgeClasses,neoFormRuntimeDependenciesRuntimeClasspath,remappingDependencies,runtimeClasspath
org.apache.logging.log4j:log4j-api:2.19.0=additionalRuntimeClasspath,compileClasspath,gameTestModCompileClasspath,gameTestModRuntimeClasspath,gameTestServerLegacyClasspath,neoFormRuntimeDependenciesCompileClasspath,neoFormRuntimeDependenciesNeoForgeClasses,neoFormRuntimeDependenciesRuntimeClasspath,remappingDependencies,runtimeClasspath,serverLegacyClasspath
org.apache.logging.log4j:log4j-core:2.19.0=additionalRuntimeClasspath,gameTestModRuntimeClasspath,gameTestServerLegacyClasspath,neoFormRuntimeDependenciesNeoForgeClasses,neoFormRuntimeDependenciesRuntimeClasspath,remappingDependencies,runtimeClasspath,serverLegacyClasspath
org.apache.logging.log4j:log4j-core:2.8.1=compileClasspath,gameTestModCompileClasspath,neoFormRuntimeDependenciesCompileClasspath
org.apache.logging.log4j:log4j-slf4j2-impl:2.19.0=additionalRuntimeClasspath,compileClasspath,gameTestModCompileClasspath,gameTestModRuntimeClasspath,gameTestServerLegacyClasspath,neoFormRuntimeDependenciesCompileClasspath,neoFormRuntimeDependenciesNeoForgeClasses,neoFormRuntimeDependenciesRuntimeClasspath,remappingDependencies,runtimeClasspath,serverLegacyClasspath
org.apache.maven:maven-artifact:3.8.5=additionalRuntimeClasspath,compileClasspath,gameTestModCompileClasspath,gameTestModRuntimeClasspath,gameTestServerLegacyClasspath,neoFormRuntimeDependenciesCompileClasspath,neoFormRuntimeDependenciesRuntimeClasspath,remappingDependencies,runtimeClasspath,serverLegacyClasspath
org.checkerframework:checker-qual:3.12.0=additionalRuntimeClasspath,compileClasspath,gameTestModCompileClasspath,gameTestModRuntimeClasspath,gameTestServerLegacyClasspath,neoFormRuntimeDependenciesCompileClasspath,neoFormRuntimeDependenciesRuntimeClasspath,remappingDependencies,runtimeClasspath,serverLegacyClasspath
org.codehaus.plexus:plexus-utils:3.3.0=additionalRuntimeClasspath,compileClasspath,gameTestModCompileClasspath,gameTestModRuntimeClasspath,gameTestServerLegacyClasspath,neoFormRuntimeDependenciesCompileClasspath,neoFormRuntimeDependenciesRuntimeClasspath,remappingDependencies,runtimeClasspath,serverLegacyClasspath
org.glassfish:javax.json:1.0.4=additionalRuntimeClasspath,compileClasspath,gameTestModCompileClasspath,gameTestModRuntimeClasspath,gameTestServerLegacyClasspath,neoFormRuntimeDependenciesCompileClasspath,neoFormRuntimeDependenciesRuntimeClasspath,remappingDependencies,runtimeClasspath,serverLegacyClasspath
org.jline:jline-reader:3.12.1=additionalRuntimeClasspath,compileClasspath,gameTestModCompileClasspath,gameTestModRuntimeClasspath,gameTestServerLegacyClasspath,neoFormRuntimeDependenciesCompileClasspath,neoFormRuntimeDependenciesRuntimeClasspath,remappingDependencies,runtimeClasspath,serverLegacyClasspath
org.jline:jline-terminal:3.12.1=additionalRuntimeClasspath,compileClasspath,gameTestModCompileClasspath,gameTestModRuntimeClasspath,gameTestServerLegacyClasspath,neoFormRuntimeDependenciesCompileClasspath,neoFormRuntimeDependenciesRuntimeClasspath,remappingDependencies,runtimeClasspath,serverLegacyClasspath
org.joml:joml:1.10.5=additionalRuntimeClasspath,compileClasspath,gameTestModCompileClasspath,gameTestModRuntimeClasspath,gameTestServerLegacyClasspath,neoFormRuntimeDependenciesCompileClasspath,neoFormRuntimeDependenciesNeoForgeClasses,neoFormRuntimeDependenciesRuntimeClasspath,remappingDependencies,runtimeClasspath,serverLegacyClasspath
org.lwjgl:lwjgl-glfw:3.3.1=additionalRuntimeClasspath,compileClasspath,gameTestModCompileClasspath,gameTestModRuntimeClasspath,gameTestServerLegacyClasspath,neoFormRuntimeDependenciesCompileClasspath,neoFormRuntimeDependenciesNeoForgeClasses,neoFormRuntimeDependenciesRuntimeClasspath,remappingDependencies,runtimeClasspath,serverLegacyClasspath
org.lwjgl:lwjgl-jemalloc:3.3.1=additionalRuntimeClasspath,compileClasspath,gameTestModCompileClasspath,gameTestModRuntimeClasspath,neoFormRuntimeDependenciesCompileClasspath,neoFormRuntimeDependenciesNeoForgeClasses,neoFormRuntimeDependenciesRuntimeClasspath,remappingDependencies,runtimeClasspath
org.lwjgl:lwjgl-openal:3.3.1=additionalRuntimeClasspath,compileClasspath,gameTestModCompileClasspath,gameTestModRuntimeClasspath,neoFormRuntimeDependenciesCompileClasspath,neoFormRuntimeDependenciesNeoForgeClasses,neoFormRuntimeDependenciesRuntimeClasspath,remappingDependencies,runtimeClasspath
org.lwjgl:lwjgl-opengl:3.3.1=additionalRuntimeClasspath,compileClasspath,gameTestModCompileClasspath,gameTestModRuntimeClasspath,gameTestServerLegacyClasspath,neoFormRuntimeDependenciesCompileClasspath,neoFormRuntimeDependenciesNeoForgeClasses,neoFormRuntimeDependenciesRuntimeClasspath,remappingDependencies,runtimeClasspath,serverLegacyClasspath
org.lwjgl:lwjgl-stb:3.3.1=additionalRuntimeClasspath,compileClasspath,gameTestModCompileClasspath,gameTestModRuntimeClasspath,gameTestServerLegacyClasspath,neoFormRuntimeDependenciesCompileClasspath,neoFormRuntimeDependenciesNeoForgeClasses,neoFormRuntimeDependenciesRuntimeClasspath,remappingDependencies,runtimeClasspath,serverLegacyClasspath
org.lwjgl:lwjgl-tinyfd:3.3.1=additionalRuntimeClasspath,compileClasspath,gameTestModCompileClasspath,gameTestModRuntimeClasspath,gameTestServerLegacyClasspath,neoFormRuntimeDependenciesCompileClasspath,neoFormRuntimeDependenciesNeoForgeClasses,neoFormRuntimeDependenciesRuntimeClasspath,remappingDependencies,runtimeClasspath,serverLegacyClasspath
org.lwjgl:lwjgl:3.3.1=additionalRuntimeClasspath,compileClasspath,gameTestModCompileClasspath,gameTestModRuntimeClasspath,gameTestServerLegacyClasspath,neoFormRuntimeDependenciesCompileClasspath,neoFormRuntimeDependenciesNeoForgeClasses,neoFormRuntimeDependenciesRuntimeClasspath,remappingDependencies,runtimeClasspath,serverLegacyClasspath
org.openjdk.nashorn:nashorn-core:15.4=additionalRuntimeClasspath,compileClasspath,gameTestModCompileClasspath,gameTestModRuntimeClasspath,gameTestServerLegacyClasspath,neoFormRuntimeDependenciesCompileClasspath,neoFormRuntimeDependenciesRuntimeClasspath,remappingDependencies,runtimeClasspath,serverLegacyClasspath
org.ow2.asm:asm-analysis:9.5=neoFormRuntimeExternalTools
org.ow2.asm:asm-analysis:9.8=additionalRuntimeClasspath,compileClasspath,gameTestModCompileClasspath,gameTestModRuntimeClasspath,gameTestServerLegacyClasspath,gameTestServerModulesOnly,neoFormRuntimeDependenciesCompileClasspath,neoFormRuntimeDependenciesRuntimeClasspath,remappingDependencies,runtimeClasspath,serverLegacyClasspath,serverModulesOnly
org.ow2.asm:asm-commons:9.8=additionalRuntimeClasspath,compileClasspath,gameTestModCompileClasspath,gameTestModRuntimeClasspath,gameTestServerLegacyClasspath,gameTestServerModulesOnly,neoFormRuntimeDependenciesCompileClasspath,neoFormRuntimeDependenciesRuntimeClasspath,remappingDependencies,runtimeClasspath,serverLegacyClasspath,serverModulesOnly
org.ow2.asm:asm-tree:9.5=neoFormRuntimeExternalTools
org.ow2.asm:asm-tree:9.8=additionalRuntimeClasspath,compileClasspath,gameTestModCompileClasspath,gameTestModRuntimeClasspath,gameTestServerLegacyClasspath,gameTestServerModulesOnly,neoFormRuntimeDependenciesCompileClasspath,neoFormRuntimeDependenciesRuntimeClasspath,remappingDependencies,runtimeClasspath,serverLegacyClasspath,serverModulesOnly
org.ow2.asm:asm-util:9.5=neoFormRuntimeExternalTools
org.ow2.asm:asm-util:9.8=additionalRuntimeClasspath,compileClasspath,gameTestModCompileClasspath,gameTestModRuntimeClasspath,gameTestServerLegacyClasspath,gameTestServerModulesOnly,neoFormRuntimeDependenciesCompileClasspath,neoFormRuntimeDependenciesRuntimeClasspath,remappingDependencies,runtimeClasspath,serverLegacyClasspath,serverModulesOnly
org.ow2.asm:asm:9.5=neoFormRuntimeExternalTools
org.ow2.asm:asm:9.8=additionalRuntimeClasspath,compileClasspath,gameTestModCompileClasspath,gameTestModRuntimeClasspath,gameTestServerLegacyClasspath,gameTestServerModulesOnly,neoFormRuntimeDependenciesCompileClasspath,neoFormRuntimeDependenciesRuntimeClasspath,remappingDependencies,runtimeClasspath,serverLegacyClasspath,serverModulesOnly
org.parchmentmc.data:parchment-1.20.1:2023.09.03=parchmentData
org.slf4j:slf4j-api:1.8.0-beta4=compileClasspath,gameTestModCompileClasspath,neoFormRuntimeDependenciesCompileClasspath
org.slf4j:slf4j-api:2.0.0=additionalRuntimeClasspath,gameTestModRuntimeClasspath,gameTestServerLegacyClasspath,neoFormRuntimeDependenciesRuntimeClasspath,remappingDependencies,runtimeClasspath,serverLegacyClasspath
org.slf4j:slf4j-api:2.0.1=neoFormRuntimeDependenciesNeoForgeClasses
org.slf4j:slf4j-simple:1.7.30=additionalRuntimeClasspath,gameTestModRuntimeClasspath,gameTestServerLegacyClasspath,neoFormRuntimeDependenciesRuntimeClasspath,remappingDependencies,runtimeClasspath,serverLegacyClasspath
org.spongepowered:mixin:0.8.5=additionalRuntimeClasspath,compileClasspath,gameTestModCompileClasspath,gameTestModRuntimeClasspath,gameTestServerLegacyClasspath,neoFormRuntimeDependenciesCompileClasspath,neoFormRuntimeDependenciesRuntimeClasspath,remappingDependencies,runtimeClasspath,serverLegacyClasspath
org.tukaani:xz:1.8=neoFormRuntimeExternalTools
empty=accessTransformers,annotationProcessor,gameTestModAnnotationProcessor,gameTestModJarJar,interfaceInjectionData,reobfApiElements,reobfRuntimeElements,testAnnotationProcessor,testJarJar
